
Microsoft Visual Studio Solution File, Format Version 12.00
# Visual Studio Version 16
VisualStudioVersion = 16.0.30907.101
MinimumVisualStudioVersion = 10.0.40219.1
Project("{FAE04EC0-301F-11D3-BF4B-00C04F79EFBC}") = "Lab10_MovieList", "Lab10_MovieList\Lab10_MovieList.csproj", "{4724560F-46EE-4CA6-B168-F12684A6489F}"
EndProject
Global
	GlobalSection(SolutionConfigurationPlatforms) = preSolution
		Debug|Any CPU = Debug|Any CPU
		Release|Any CPU = Release|Any CPU
	EndGlobalSection
	GlobalSection(ProjectConfigurationPlatforms) = postSolution
		{4724560F-46EE-4CA6-B168-F12684A6489F}.Debug|Any CPU.ActiveCfg = Debug|Any CPU
		{4724560F-46EE-4CA6-B168-F12684A6489F}.Debug|Any CPU.Build.0 = Debug|Any CPU
		{4724560F-46EE-4CA6-B168-F12684A6489F}.Release|Any CPU.ActiveCfg = Release|Any CPU
		{4724560F-46EE-4CA6-B168-F12684A6489F}.Release|Any CPU.Build.0 = Release|Any CPU
	EndGlobalSection
	GlobalSection(SolutionProperties) = preSolution
		HideSolutionNode = FALSE
	EndGlobalSection
	GlobalSection(ExtensibilityGlobals) = postSolution
		SolutionGuid = {92248006-2097-40CA-B42B-6D29BF197C71}
	EndGlobalSection
EndGlobal
